
Microsoft Visual Studio Solution File, Format Version 12.00
# Visual Studio Version 16
VisualStudioVersion = 16.0.30523.141
MinimumVisualStudioVersion = 10.0.40219.1
Project("{8BC9CEB8-8B4A-11D0-8D11-00A0C91BC942}") = "MySensors3.2", "MySensors3.2\MySensors3.2.vcxproj", "{C5F80730-F44F-4478-BDAE-6634EFC2CA88}"
EndProject
Project("{8BC9CEB8-8B4A-11D0-8D11-00A0C91BC942}") = "Clear EEPROM", "Clear EEPROM\Clear EEPROM.vcxproj", "{1C571C4B-FD71-46FC-9405-79B284B9EB37}"
EndProject
Project("{8BC9CEB8-8B4A-11D0-8D11-00A0C91BC942}") = "GatewaySerial", "GatewaySerial\GatewaySerial.vcxproj", "{1AB443BE-8448-4BD3-A88A-C8CA60C30BAE}"
EndProject
Project("{8BC9CEB8-8B4A-11D0-8D11-00A0C91BC942}") = "NodeManager-master-1.8.0", "Libraries\NodeManager-master\1.8.0\NodeManager-master\NodeManager-master-1.8.0.vcxitems", "{16D0BDE9-6C94-4BB5-8C9E-454B96A5E7C4}"
EndProject
Project("{8BC9CEB8-8B4A-11D0-8D11-00A0C91BC942}") = "HDC2080_Arduino_Example", "..\My Examples\HDC2080_Arduino_Example\HDC2080_Arduino_Example.vcxproj", "{A115C3A8-2DC9-4CDE-A15E-92D5DCDE8270}"
EndProject
Project("{8BC9CEB8-8B4A-11D0-8D11-00A0C91BC942}") = "Shell_IO_Control", "..\My Examples\Shell_IO_Control\Shell_IO_Control.vcxproj", "{E74E3182-4C95-461E-B909-B2EAEC9180E0}"
EndProject
Project("{8BC9CEB8-8B4A-11D0-8D11-00A0C91BC942}") = "ReadAnalogVoltage", "..\My Examples\ReadAnalogVoltage\ReadAnalogVoltage.vcxproj", "{CDD1A49B-34B4-4AC3-B40C-8DB924EC3FDC}"
EndProject
Project("{8BC9CEB8-8B4A-11D0-8D11-00A0C91BC942}") = "ArduinoTextInterface", "..\My Examples\ArduinoTextInterface\ArduinoTextInterface.vcxproj", "{21A88E1C-E394-4461-92E4-E9164145D48D}"
EndProject
Project("{8BC9CEB8-8B4A-11D0-8D11-00A0C91BC942}") = "ADKTerminalTest", "..\My Examples\ADKTerminalTest\ADKTerminalTest.vcxproj", "{16EBD394-E29D-4EEF-8DBF-1F42699E7710}"
EndProject
Project("{8BC9CEB8-8B4A-11D0-8D11-00A0C91BC942}") = "Multiple", "..\My Examples\Multiple\Multiple.vcxproj", "{D4BCF66A-C994-4453-ACA0-89EFB9F2BB0E}"
EndProject
Project("{8BC9CEB8-8B4A-11D0-8D11-00A0C91BC942}") = "eeprom_clear", "..\My Examples\eeprom_clear\eeprom_clear.vcxproj", "{C19301EE-0CD7-4FA6-AB22-DC5EA361FFC4}"
EndProject
Project("{8BC9CEB8-8B4A-11D0-8D11-00A0C91BC942}") = "DallasTemperature", "..\My Examples\DallasTemperature\DallasTemperature.vcxproj", "{2F7BD3F0-0E25-49C3-AAEB-79BFC8CC09C7}"
EndProject
Project("{8BC9CEB8-8B4A-11D0-8D11-00A0C91BC942}") = "DS18x20_Temperature", "..\My Examples\DS18x20_Temperature\DS18x20_Temperature.vcxproj", "{5C7693EE-26E2-477E-BAFF-65FFA5252417}"
EndProject
Project("{8BC9CEB8-8B4A-11D0-8D11-00A0C91BC942}") = "WaitForConversion", "..\My Examples\WaitForConversion\WaitForConversion.vcxproj", "{F0099AAD-9306-4EE6-9D5C-2AD7B805C57A}"
EndProject
Project("{8BC9CEB8-8B4A-11D0-8D11-00A0C91BC942}") = "Timing", "..\My Examples\Timing\Timing.vcxproj", "{E3841C4B-E3EF-4FDC-979C-31B7F176DCCF}"
EndProject
Project("{8BC9CEB8-8B4A-11D0-8D11-00A0C91BC942}") = "readPowerSupply", "..\My Examples\readPowerSupply\readPowerSupply.vcxproj", "{1AFF50BF-70F0-4104-B9C2-F7F2E5C8F4C6}"
EndProject
Project("{8BC9CEB8-8B4A-11D0-8D11-00A0C91BC942}") = "ExternalPullup", "..\My Examples\ExternalPullup\ExternalPullup.vcxproj", "{460A9814-6207-4F91-B03A-E6B81F93F50A}"
EndProject
Global
	GlobalSection(SharedMSBuildProjectFiles) = preSolution
		Libraries\NodeManager-master\1.8.0\NodeManager-master\NodeManager-master-1.8.0.vcxitems*{16d0bde9-6c94-4bb5-8c9e-454b96a5e7c4}*SharedItemsImports = 9
		Libraries\NodeManager-master\1.8.0\NodeManager-master\NodeManager-master-1.8.0.vcxitems*{1ab443be-8448-4bd3-a88a-c8ca60c30bae}*SharedItemsImports = 4
	EndGlobalSection
	GlobalSection(SolutionConfigurationPlatforms) = preSolution
		Debug|x86 = Debug|x86
		Release|x86 = Release|x86
	EndGlobalSection
	GlobalSection(ProjectConfigurationPlatforms) = postSolution
		{C5F80730-F44F-4478-BDAE-6634EFC2CA88}.Debug|x86.ActiveCfg = Debug|Win32
		{C5F80730-F44F-4478-BDAE-6634EFC2CA88}.Debug|x86.Build.0 = Debug|Win32
		{C5F80730-F44F-4478-BDAE-6634EFC2CA88}.Release|x86.ActiveCfg = Release|Win32
		{C5F80730-F44F-4478-BDAE-6634EFC2CA88}.Release|x86.Build.0 = Release|Win32
		{1C571C4B-FD71-46FC-9405-79B284B9EB37}.Debug|x86.ActiveCfg = Debug|Win32
		{1C571C4B-FD71-46FC-9405-79B284B9EB37}.Debug|x86.Build.0 = Debug|Win32
		{1C571C4B-FD71-46FC-9405-79B284B9EB37}.Release|x86.ActiveCfg = Release|Win32
		{1C571C4B-FD71-46FC-9405-79B284B9EB37}.Release|x86.Build.0 = Release|Win32
		{1AB443BE-8448-4BD3-A88A-C8CA60C30BAE}.Debug|x86.ActiveCfg = Debug|Win32
		{1AB443BE-8448-4BD3-A88A-C8CA60C30BAE}.Debug|x86.Build.0 = Debug|Win32
		{1AB443BE-8448-4BD3-A88A-C8CA60C30BAE}.Release|x86.ActiveCfg = Release|Win32
		{1AB443BE-8448-4BD3-A88A-C8CA60C30BAE}.Release|x86.Build.0 = Release|Win32
		{A115C3A8-2DC9-4CDE-A15E-92D5DCDE8270}.Debug|x86.ActiveCfg = Debug|Win32
		{A115C3A8-2DC9-4CDE-A15E-92D5DCDE8270}.Debug|x86.Build.0 = Debug|Win32
		{A115C3A8-2DC9-4CDE-A15E-92D5DCDE8270}.Release|x86.ActiveCfg = Release|Win32
		{A115C3A8-2DC9-4CDE-A15E-92D5DCDE8270}.Release|x86.Build.0 = Release|Win32
		{E74E3182-4C95-461E-B909-B2EAEC9180E0}.Debug|x86.ActiveCfg = Debug|Win32
		{E74E3182-4C95-461E-B909-B2EAEC9180E0}.Debug|x86.Build.0 = Debug|Win32
		{E74E3182-4C95-461E-B909-B2EAEC9180E0}.Release|x86.ActiveCfg = Release|Win32
		{E74E3182-4C95-461E-B909-B2EAEC9180E0}.Release|x86.Build.0 = Release|Win32
		{CDD1A49B-34B4-4AC3-B40C-8DB924EC3FDC}.Debug|x86.ActiveCfg = Debug|Win32
		{CDD1A49B-34B4-4AC3-B40C-8DB924EC3FDC}.Debug|x86.Build.0 = Debug|Win32
		{CDD1A49B-34B4-4AC3-B40C-8DB924EC3FDC}.Release|x86.ActiveCfg = Release|Win32
		{CDD1A49B-34B4-4AC3-B40C-8DB924EC3FDC}.Release|x86.Build.0 = Release|Win32
		{21A88E1C-E394-4461-92E4-E9164145D48D}.Debug|x86.ActiveCfg = Debug|Win32
		{21A88E1C-E394-4461-92E4-E9164145D48D}.Debug|x86.Build.0 = Debug|Win32
		{21A88E1C-E394-4461-92E4-E9164145D48D}.Release|x86.ActiveCfg = Release|Win32
		{21A88E1C-E394-4461-92E4-E9164145D48D}.Release|x86.Build.0 = Release|Win32
		{16EBD394-E29D-4EEF-8DBF-1F42699E7710}.Debug|x86.ActiveCfg = Debug|Win32
		{16EBD394-E29D-4EEF-8DBF-1F42699E7710}.Debug|x86.Build.0 = Debug|Win32
		{16EBD394-E29D-4EEF-8DBF-1F42699E7710}.Release|x86.ActiveCfg = Release|Win32
		{16EBD394-E29D-4EEF-8DBF-1F42699E7710}.Release|x86.Build.0 = Release|Win32
		{D4BCF66A-C994-4453-ACA0-89EFB9F2BB0E}.Debug|x86.ActiveCfg = Debug|Win32
		{D4BCF66A-C994-4453-ACA0-89EFB9F2BB0E}.Debug|x86.Build.0 = Debug|Win32
		{D4BCF66A-C994-4453-ACA0-89EFB9F2BB0E}.Release|x86.ActiveCfg = Release|Win32
		{D4BCF66A-C994-4453-ACA0-89EFB9F2BB0E}.Release|x86.Build.0 = Release|Win32
		{C19301EE-0CD7-4FA6-AB22-DC5EA361FFC4}.Debug|x86.ActiveCfg = Debug|Win32
		{C19301EE-0CD7-4FA6-AB22-DC5EA361FFC4}.Debug|x86.Build.0 = Debug|Win32
		{C19301EE-0CD7-4FA6-AB22-DC5EA361FFC4}.Release|x86.ActiveCfg = Release|Win32
		{C19301EE-0CD7-4FA6-AB22-DC5EA361FFC4}.Release|x86.Build.0 = Release|Win32
		{2F7BD3F0-0E25-49C3-AAEB-79BFC8CC09C7}.Debug|x86.ActiveCfg = Debug|Win32
		{2F7BD3F0-0E25-49C3-AAEB-79BFC8CC09C7}.Debug|x86.Build.0 = Debug|Win32
		{2F7BD3F0-0E25-49C3-AAEB-79BFC8CC09C7}.Release|x86.ActiveCfg = Release|Win32
		{2F7BD3F0-0E25-49C3-AAEB-79BFC8CC09C7}.Release|x86.Build.0 = Release|Win32
		{5C7693EE-26E2-477E-BAFF-65FFA5252417}.Debug|x86.ActiveCfg = Debug|Win32
		{5C7693EE-26E2-477E-BAFF-65FFA5252417}.Debug|x86.Build.0 = Debug|Win32
		{5C7693EE-26E2-477E-BAFF-65FFA5252417}.Release|x86.ActiveCfg = Release|Win32
		{5C7693EE-26E2-477E-BAFF-65FFA5252417}.Release|x86.Build.0 = Release|Win32
		{F0099AAD-9306-4EE6-9D5C-2AD7B805C57A}.Debug|x86.ActiveCfg = Debug|Win32
		{F0099AAD-9306-4EE6-9D5C-2AD7B805C57A}.Debug|x86.Build.0 = Debug|Win32
		{F0099AAD-9306-4EE6-9D5C-2AD7B805C57A}.Release|x86.ActiveCfg = Release|Win32
		{F0099AAD-9306-4EE6-9D5C-2AD7B805C57A}.Release|x86.Build.0 = Release|Win32
		{E3841C4B-E3EF-4FDC-979C-31B7F176DCCF}.Debug|x86.ActiveCfg = Debug|Win32
		{E3841C4B-E3EF-4FDC-979C-31B7F176DCCF}.Debug|x86.Build.0 = Debug|Win32
		{E3841C4B-E3EF-4FDC-979C-31B7F176DCCF}.Release|x86.ActiveCfg = Release|Win32
		{E3841C4B-E3EF-4FDC-979C-31B7F176DCCF}.Release|x86.Build.0 = Release|Win32
		{1AFF50BF-70F0-4104-B9C2-F7F2E5C8F4C6}.Debug|x86.ActiveCfg = Debug|Win32
		{1AFF50BF-70F0-4104-B9C2-F7F2E5C8F4C6}.Debug|x86.Build.0 = Debug|Win32
		{1AFF50BF-70F0-4104-B9C2-F7F2E5C8F4C6}.Release|x86.ActiveCfg = Release|Win32
		{1AFF50BF-70F0-4104-B9C2-F7F2E5C8F4C6}.Release|x86.Build.0 = Release|Win32
		{460A9814-6207-4F91-B03A-E6B81F93F50A}.Debug|x86.ActiveCfg = Debug|Win32
		{460A9814-6207-4F91-B03A-E6B81F93F50A}.Debug|x86.Build.0 = Debug|Win32
		{460A9814-6207-4F91-B03A-E6B81F93F50A}.Release|x86.ActiveCfg = Release|Win32
		{460A9814-6207-4F91-B03A-E6B81F93F50A}.Release|x86.Build.0 = Release|Win32
	EndGlobalSection
	GlobalSection(SolutionProperties) = preSolution
		HideSolutionNode = FALSE
	EndGlobalSection
	GlobalSection(ExtensibilityGlobals) = postSolution
		SolutionGuid = {34E4A457-330F-450E-B25F-7133E0B0B23F}
	EndGlobalSection
EndGlobal
